
Microsoft Visual Studio Solution File, Format Version 12.00
# Visual Studio Version 17
VisualStudioVersion = 17.14.36705.20
MinimumVisualStudioVersion = 10.0.40219.1
Project("{8BC9CEB8-8B4A-11D0-8D11-00A0C91BC942}") = "lab5", "lab5\lab5.vcxproj", "{90DCE38E-130C-4C1C-A525-8B7EE503E1CB}"
EndProject
Project("{8BC9CEB8-8B4A-11D0-8D11-00A0C91BC942}") = "lab6", "lab6\lab6.vcxproj", "{7C0EA002-5147-428A-8DD5-C2913D6DE931}"
EndProject
Project("{8BC9CEB8-8B4A-11D0-8D11-00A0C91BC942}") = "lab7", "lab7\lab7.vcxproj", "{DE75E40E-EFEE-4828-AE94-5C9DCF090278}"
EndProject
Project("{8BC9CEB8-8B4A-11D0-8D11-00A0C91BC942}") = "lab8", "lab8\lab8.vcxproj", "{B4803AD0-17D2-49C2-9316-4D10EB24E8E7}"
EndProject
Project("{8BC9CEB8-8B4A-11D0-8D11-00A0C91BC942}") = "lab9", "lab9\lab9.vcxproj", "{2C4C7480-40E3-4A02-87C0-ED83561BDEF0}"
EndProject
Project("{8BC9CEB8-8B4A-11D0-8D11-00A0C91BC942}") = "lab1", "lab1\lab1.vcxproj", "{374344B0-93A5-4DDB-B5EE-2714EA375709}"
EndProject
Project("{8BC9CEB8-8B4A-11D0-8D11-00A0C91BC942}") = "lab3", "lab3\lab3.vcxproj", "{6991F365-1697-4578-A48C-779861F4F74E}"
EndProject
Project("{8BC9CEB8-8B4A-11D0-8D11-00A0C91BC942}") = "lab2", "lab2\lab2.vcxproj", "{9FEC7DE9-102B-4418-B9DD-F1DDFECED1AF}"
EndProject
Project("{8BC9CEB8-8B4A-11D0-8D11-00A0C91BC942}") = "lab4", "lab4\lab4.vcxproj", "{ECB988EC-6C6F-40BA-986F-3D6A3A00795A}"
EndProject
Project("{8BC9CEB8-8B4A-11D0-8D11-00A0C91BC942}") = "lab10", "lab10\lab10.vcxproj", "{38D57580-EC0C-42A1-9E29-04A88CAFD8B6}"
EndProject
Project("{8BC9CEB8-8B4A-11D0-8D11-00A0C91BC942}") = "lab11", "lab11\lab11.vcxproj", "{534B5C4B-B10C-4BEF-B76E-4E2B09296E9B}"
EndProject
Project("{8BC9CEB8-8B4A-11D0-8D11-00A0C91BC942}") = "lab12", "lab12\lab12.vcxproj", "{53B087BF-1268-49DF-83EB-7BDEEAB2F668}"
EndProject
Project("{8BC9CEB8-8B4A-11D0-8D11-00A0C91BC942}") = "lab13", "lab13\lab13.vcxproj", "{A79968CF-EE70-40BE-87E3-2E057886F5E2}"
EndProject
Project("{8BC9CEB8-8B4A-11D0-8D11-00A0C91BC942}") = "lab14", "lab14\lab14.vcxproj", "{7E577312-C753-4540-A853-8D772234390F}"
EndProject
Global
	GlobalSection(SolutionConfigurationPlatforms) = preSolution
		Debug|x64 = Debug|x64
		Debug|x86 = Debug|x86
		Release|x64 = Release|x64
		Release|x86 = Release|x86
	EndGlobalSection
	GlobalSection(ProjectConfigurationPlatforms) = postSolution
		{90DCE38E-130C-4C1C-A525-8B7EE503E1CB}.Debug|x64.ActiveCfg = Debug|x64
		{90DCE38E-130C-4C1C-A525-8B7EE503E1CB}.Debug|x64.Build.0 = Debug|x64
		{90DCE38E-130C-4C1C-A525-8B7EE503E1CB}.Debug|x86.ActiveCfg = Debug|Win32
		{90DCE38E-130C-4C1C-A525-8B7EE503E1CB}.Debug|x86.Build.0 = Debug|Win32
		{90DCE38E-130C-4C1C-A525-8B7EE503E1CB}.Release|x64.ActiveCfg = Release|x64
		{90DCE38E-130C-4C1C-A525-8B7EE503E1CB}.Release|x64.Build.0 = Release|x64
		{90DCE38E-130C-4C1C-A525-8B7EE503E1CB}.Release|x86.ActiveCfg = Release|Win32
		{90DCE38E-130C-4C1C-A525-8B7EE503E1CB}.Release|x86.Build.0 = Release|Win32
		{7C0EA002-5147-428A-8DD5-C2913D6DE931}.Debug|x64.ActiveCfg = Debug|x64
		{7C0EA002-5147-428A-8DD5-C2913D6DE931}.Debug|x64.Build.0 = Debug|x64
		{7C0EA002-5147-428A-8DD5-C2913D6DE931}.Debug|x86.ActiveCfg = Debug|Win32
		{7C0EA002-5147-428A-8DD5-C2913D6DE931}.Debug|x86.Build.0 = Debug|Win32
		{7C0EA002-5147-428A-8DD5-C2913D6DE931}.Release|x64.ActiveCfg = Release|x64
		{7C0EA002-5147-428A-8DD5-C2913D6DE931}.Release|x64.Build.0 = Release|x64
		{7C0EA002-5147-428A-8DD5-C2913D6DE931}.Release|x86.ActiveCfg = Release|Win32
		{7C0EA002-5147-428A-8DD5-C2913D6DE931}.Release|x86.Build.0 = Release|Win32
		{DE75E40E-EFEE-4828-AE94-5C9DCF090278}.Debug|x64.ActiveCfg = Debug|x64
		{DE75E40E-EFEE-4828-AE94-5C9DCF090278}.Debug|x64.Build.0 = Debug|x64
		{DE75E40E-EFEE-4828-AE94-5C9DCF090278}.Debug|x86.ActiveCfg = Debug|Win32
		{DE75E40E-EFEE-4828-AE94-5C9DCF090278}.Debug|x86.Build.0 = Debug|Win32
		{DE75E40E-EFEE-4828-AE94-5C9DCF090278}.Release|x64.ActiveCfg = Release|x64
		{DE75E40E-EFEE-4828-AE94-5C9DCF090278}.Release|x64.Build.0 = Release|x64
		{DE75E40E-EFEE-4828-AE94-5C9DCF090278}.Release|x86.ActiveCfg = Release|Win32
		{DE75E40E-EFEE-4828-AE94-5C9DCF090278}.Release|x86.Build.0 = Release|Win32
		{B4803AD0-17D2-49C2-9316-4D10EB24E8E7}.Debug|x64.ActiveCfg = Debug|x64
		{B4803AD0-17D2-49C2-9316-4D10EB24E8E7}.Debug|x64.Build.0 = Debug|x64
		{B4803AD0-17D2-49C2-9316-4D10EB24E8E7}.Debug|x86.ActiveCfg = Debug|Win32
		{B4803AD0-17D2-49C2-9316-4D10EB24E8E7}.Debug|x86.Build.0 = Debug|Win32
		{B4803AD0-17D2-49C2-9316-4D10EB24E8E7}.Release|x64.ActiveCfg = Release|x64
		{B4803AD0-17D2-49C2-9316-4D10EB24E8E7}.Release|x64.Build.0 = Release|x64
		{B4803AD0-17D2-49C2-9316-4D10EB24E8E7}.Release|x86.ActiveCfg = Release|Win32
		{B4803AD0-17D2-49C2-9316-4D10EB24E8E7}.Release|x86.Build.0 = Release|Win32
		{2C4C7480-40E3-4A02-87C0-ED83561BDEF0}.Debug|x64.ActiveCfg = Debug|x64
		{2C4C7480-40E3-4A02-87C0-ED83561BDEF0}.Debug|x64.Build.0 = Debug|x64
		{2C4C7480-40E3-4A02-87C0-ED83561BDEF0}.Debug|x86.ActiveCfg = Debug|Win32
		{2C4C7480-40E3-4A02-87C0-ED83561BDEF0}.Debug|x86.Build.0 = Debug|Win32
		{2C4C7480-40E3-4A02-87C0-ED83561BDEF0}.Release|x64.ActiveCfg = Release|x64
		{2C4C7480-40E3-4A02-87C0-ED83561BDEF0}.Release|x64.Build.0 = Release|x64
		{2C4C7480-40E3-4A02-87C0-ED83561BDEF0}.Release|x86.ActiveCfg = Release|Win32
		{2C4C7480-40E3-4A02-87C0-ED83561BDEF0}.Release|x86.Build.0 = Release|Win32
		{374344B0-93A5-4DDB-B5EE-2714EA375709}.Debug|x64.ActiveCfg = Debug|x64
		{374344B0-93A5-4DDB-B5EE-2714EA375709}.Debug|x64.Build.0 = Debug|x64
		{374344B0-93A5-4DDB-B5EE-2714EA375709}.Debug|x86.ActiveCfg = Debug|Win32
		{374344B0-93A5-4DDB-B5EE-2714EA375709}.Debug|x86.Build.0 = Debug|Win32
		{374344B0-93A5-4DDB-B5EE-2714EA375709}.Release|x64.ActiveCfg = Release|x64
		{374344B0-93A5-4DDB-B5EE-2714EA375709}.Release|x64.Build.0 = Release|x64
		{374344B0-93A5-4DDB-B5EE-2714EA375709}.Release|x86.ActiveCfg = Release|Win32
		{374344B0-93A5-4DDB-B5EE-2714EA375709}.Release|x86.Build.0 = Release|Win32
		{6991F365-1697-4578-A48C-779861F4F74E}.Debug|x64.ActiveCfg = Debug|x64
		{6991F365-1697-4578-A48C-779861F4F74E}.Debug|x64.Build.0 = Debug|x64
		{6991F365-1697-4578-A48C-779861F4F74E}.Debug|x86.ActiveCfg = Debug|Win32
		{6991F365-1697-4578-A48C-779861F4F74E}.Debug|x86.Build.0 = Debug|Win32
		{6991F365-1697-4578-A48C-779861F4F74E}.Release|x64.ActiveCfg = Release|x64
		{6991F365-1697-4578-A48C-779861F4F74E}.Release|x64.Build.0 = Release|x64
		{6991F365-1697-4578-A48C-779861F4F74E}.Release|x86.ActiveCfg = Release|Win32
		{6991F365-1697-4578-A48C-779861F4F74E}.Release|x86.Build.0 = Release|Win32
		{9FEC7DE9-102B-4418-B9DD-F1DDFECED1AF}.Debug|x64.ActiveCfg = Debug|x64
		{9FEC7DE9-102B-4418-B9DD-F1DDFECED1AF}.Debug|x64.Build.0 = Debug|x64
		{9FEC7DE9-102B-4418-B9DD-F1DDFECED1AF}.Debug|x86.ActiveCfg = Debug|Win32
		{9FEC7DE9-102B-4418-B9DD-F1DDFECED1AF}.Debug|x86.Build.0 = Debug|Win32
		{9FEC7DE9-102B-4418-B9DD-F1DDFECED1AF}.Release|x64.ActiveCfg = Release|x64
		{9FEC7DE9-102B-4418-B9DD-F1DDFECED1AF}.Release|x64.Build.0 = Release|x64
		{9FEC7DE9-102B-4418-B9DD-F1DDFECED1AF}.Release|x86.ActiveCfg = Release|Win32
		{9FEC7DE9-102B-4418-B9DD-F1DDFECED1AF}.Release|x86.Build.0 = Release|Win32
		{ECB988EC-6C6F-40BA-986F-3D6A3A00795A}.Debug|x64.ActiveCfg = Debug|x64
		{ECB988EC-6C6F-40BA-986F-3D6A3A00795A}.Debug|x64.Build.0 = Debug|x64
		{ECB988EC-6C6F-40BA-986F-3D6A3A00795A}.Debug|x86.ActiveCfg = Debug|Win32
		{ECB988EC-6C6F-40BA-986F-3D6A3A00795A}.Debug|x86.Build.0 = Debug|Win32
		{ECB988EC-6C6F-40BA-986F-3D6A3A00795A}.Release|x64.ActiveCfg = Release|x64
		{ECB988EC-6C6F-40BA-986F-3D6A3A00795A}.Release|x64.Build.0 = Release|x64
		{ECB988EC-6C6F-40BA-986F-3D6A3A00795A}.Release|x86.ActiveCfg = Release|Win32
		{ECB988EC-6C6F-40BA-986F-3D6A3A00795A}.Release|x86.Build.0 = Release|Win32
		{38D57580-EC0C-42A1-9E29-04A88CAFD8B6}.Debug|x64.ActiveCfg = Debug|x64
		{38D57580-EC0C-42A1-9E29-04A88CAFD8B6}.Debug|x64.Build.0 = Debug|x64
		{38D57580-EC0C-42A1-9E29-04A88CAFD8B6}.Debug|x86.ActiveCfg = Debug|Win32
		{38D57580-EC0C-42A1-9E29-04A88CAFD8B6}.Debug|x86.Build.0 = Debug|Win32
		{38D57580-EC0C-42A1-9E29-04A88CAFD8B6}.Release|x64.ActiveCfg = Release|x64
		{38D57580-EC0C-42A1-9E29-04A88CAFD8B6}.Release|x64.Build.0 = Release|x64
		{38D57580-EC0C-42A1-9E29-04A88CAFD8B6}.Release|x86.ActiveCfg = Release|Win32
		{38D57580-EC0C-42A1-9E29-04A88CAFD8B6}.Release|x86.Build.0 = Release|Win32
		{534B5C4B-B10C-4BEF-B76E-4E2B09296E9B}.Debug|x64.ActiveCfg = Debug|x64
		{534B5C4B-B10C-4BEF-B76E-4E2B09296E9B}.Debug|x64.Build.0 = Debug|x64
		{534B5C4B-B10C-4BEF-B76E-4E2B09296E9B}.Debug|x86.ActiveCfg = Debug|Win32
		{534B5C4B-B10C-4BEF-B76E-4E2B09296E9B}.Debug|x86.Build.0 = Debug|Win32
		{534B5C4B-B10C-4BEF-B76E-4E2B09296E9B}.Release|x64.ActiveCfg = Release|x64
		{534B5C4B-B10C-4BEF-B76E-4E2B09296E9B}.Release|x64.Build.0 = Release|x64
		{534B5C4B-B10C-4BEF-B76E-4E2B09296E9B}.Release|x86.ActiveCfg = Release|Win32
		{534B5C4B-B10C-4BEF-B76E-4E2B09296E9B}.Release|x86.Build.0 = Release|Win32
		{53B087BF-1268-49DF-83EB-7BDEEAB2F668}.Debug|x64.ActiveCfg = Debug|x64
		{53B087BF-1268-49DF-83EB-7BDEEAB2F668}.Debug|x64.Build.0 = Debug|x64
		{53B087BF-1268-49DF-83EB-7BDEEAB2F668}.Debug|x86.ActiveCfg = Debug|Win32
		{53B087BF-1268-49DF-83EB-7BDEEAB2F668}.Debug|x86.Build.0 = Debug|Win32
		{53B087BF-1268-49DF-83EB-7BDEEAB2F668}.Release|x64.ActiveCfg = Release|x64
		{53B087BF-1268-49DF-83EB-7BDEEAB2F668}.Release|x64.Build.0 = Release|x64
		{53B087BF-1268-49DF-83EB-7BDEEAB2F668}.Release|x86.ActiveCfg = Release|Win32
		{53B087BF-1268-49DF-83EB-7BDEEAB2F668}.Release|x86.Build.0 = Release|Win32
		{A79968CF-EE70-40BE-87E3-2E057886F5E2}.Debug|x64.ActiveCfg = Debug|x64
		{A79968CF-EE70-40BE-87E3-2E057886F5E2}.Debug|x64.Build.0 = Debug|x64
		{A79968CF-EE70-40BE-87E3-2E057886F5E2}.Debug|x86.ActiveCfg = Debug|Win32
		{A79968CF-EE70-40BE-87E3-2E057886F5E2}.Debug|x86.Build.0 = Debug|Win32
		{A79968CF-EE70-40BE-87E3-2E057886F5E2}.Release|x64.ActiveCfg = Release|x64
		{A79968CF-EE70-40BE-87E3-2E057886F5E2}.Release|x64.Build.0 = Release|x64
		{A79968CF-EE70-40BE-87E3-2E057886F5E2}.Release|x86.ActiveCfg = Release|Win32
		{A79968CF-EE70-40BE-87E3-2E057886F5E2}.Release|x86.Build.0 = Release|Win32
		{7E577312-C753-4540-A853-8D772234390F}.Debug|x64.ActiveCfg = Debug|x64
		{7E577312-C753-4540-A853-8D772234390F}.Debug|x64.Build.0 = Debug|x64
		{7E577312-C753-4540-A853-8D772234390F}.Debug|x86.ActiveCfg = Debug|Win32
		{7E577312-C753-4540-A853-8D772234390F}.Debug|x86.Build.0 = Debug|Win32
		{7E577312-C753-4540-A853-8D772234390F}.Release|x64.ActiveCfg = Release|x64
		{7E577312-C753-4540-A853-8D772234390F}.Release|x64.Build.0 = Release|x64
		{7E577312-C753-4540-A853-8D772234390F}.Release|x86.ActiveCfg = Release|Win32
		{7E577312-C753-4540-A853-8D772234390F}.Release|x86.Build.0 = Release|Win32
	EndGlobalSection
	GlobalSection(SolutionProperties) = preSolution
		HideSolutionNode = FALSE
	EndGlobalSection
	GlobalSection(ExtensibilityGlobals) = postSolution
		SolutionGuid = {58F6DAF9-D6C2-4E22-B365-DE7FC1369308}
	EndGlobalSection
EndGlobal
